
Microsoft Visual Studio Solution File, Format Version 12.00
# Visual Studio Version 16
VisualStudioVersion = 16.0.31624.102
MinimumVisualStudioVersion = 10.0.40219.1
Project("{FAE04EC0-301F-11D3-BF4B-00C04F79EFBC}") = "One", "One\One.csproj", "{02CDE01B-AA4A-4B43-A18C-BB77420108E7}"
EndProject
Project("{FAE04EC0-301F-11D3-BF4B-00C04F79EFBC}") = "Two", "Two\Two.csproj", "{BCED0841-5EB9-449C-883B-B6C9D0AC17A1}"
EndProject
Global
	GlobalSection(SolutionConfigurationPlatforms) = preSolution
		Debug|Any CPU = Debug|Any CPU
		Release|Any CPU = Release|Any CPU
	EndGlobalSection
	GlobalSection(ProjectConfigurationPlatforms) = postSolution
		{02CDE01B-AA4A-4B43-A18C-BB77420108E7}.Debug|Any CPU.ActiveCfg = Debug|Any CPU
		{02CDE01B-AA4A-4B43-A18C-BB77420108E7}.Debug|Any CPU.Build.0 = Debug|Any CPU
		{02CDE01B-AA4A-4B43-A18C-BB77420108E7}.Release|Any CPU.ActiveCfg = Release|Any CPU
		{02CDE01B-AA4A-4B43-A18C-BB77420108E7}.Release|Any CPU.Build.0 = Release|Any CPU
		{BCED0841-5EB9-449C-883B-B6C9D0AC17A1}.Debug|Any CPU.ActiveCfg = Debug|Any CPU
		{BCED0841-5EB9-449C-883B-B6C9D0AC17A1}.Debug|Any CPU.Build.0 = Debug|Any CPU
		{BCED0841-5EB9-449C-883B-B6C9D0AC17A1}.Release|Any CPU.ActiveCfg = Release|Any CPU
		{BCED0841-5EB9-449C-883B-B6C9D0AC17A1}.Release|Any CPU.Build.0 = Release|Any CPU
	EndGlobalSection
	GlobalSection(SolutionProperties) = preSolution
		HideSolutionNode = FALSE
	EndGlobalSection
	GlobalSection(ExtensibilityGlobals) = postSolution
		SolutionGuid = {809A2A59-5EC6-480B-87B9-2E0877A7F0AD}
	EndGlobalSection
EndGlobal
